
Microsoft Visual Studio Solution File, Format Version 12.00
# Visual Studio 2012
Project("{FAE04EC0-301F-11D3-BF4B-00C04F79EFBC}") = "ZhiGouXXL.Web", "ZhiGouXXL.Web\ZhiGouXXL.Web.csproj", "{320F7160-2BAB-4376-84AE-039E92488CB8}"
EndProject
Project("{FAE04EC0-301F-11D3-BF4B-00C04F79EFBC}") = "ZhiGouXXL.Core", "ZhiGouXXL.Core\ZhiGouXXL.Core.csproj", "{F8E25E3B-B14E-4FE7-BC2E-5C764478A155}"
EndProject
Global
	GlobalSection(SolutionConfigurationPlatforms) = preSolution
		Debug|Any CPU = Debug|Any CPU
		Release|Any CPU = Release|Any CPU
	EndGlobalSection
	GlobalSection(ProjectConfigurationPlatforms) = postSolution
		{320F7160-2BAB-4376-84AE-039E92488CB8}.Debug|Any CPU.ActiveCfg = Debug|Any CPU
		{320F7160-2BAB-4376-84AE-039E92488CB8}.Debug|Any CPU.Build.0 = Debug|Any CPU
		{320F7160-2BAB-4376-84AE-039E92488CB8}.Release|Any CPU.ActiveCfg = Release|Any CPU
		{320F7160-2BAB-4376-84AE-039E92488CB8}.Release|Any CPU.Build.0 = Release|Any CPU
		{F8E25E3B-B14E-4FE7-BC2E-5C764478A155}.Debug|Any CPU.ActiveCfg = Debug|Any CPU
		{F8E25E3B-B14E-4FE7-BC2E-5C764478A155}.Debug|Any CPU.Build.0 = Debug|Any CPU
		{F8E25E3B-B14E-4FE7-BC2E-5C764478A155}.Release|Any CPU.ActiveCfg = Release|Any CPU
		{F8E25E3B-B14E-4FE7-BC2E-5C764478A155}.Release|Any CPU.Build.0 = Release|Any CPU
	EndGlobalSection
	GlobalSection(SolutionProperties) = preSolution
		HideSolutionNode = FALSE
	EndGlobalSection
EndGlobal
